{
  "name": "webview",
  "version": "1.0.0",
  "lockfileVersion": 3,
  "requires": true,
  "packages": {
    "": {
      "name": "webview",
      "version": "1.0.0",
      "license": "ISC",
      "dependencies": {
        "@types/lodash": "^4.14.195",
        "@types/uuid": "^9.0.2",
        "@types/vscode": "^1.79.1",
        "@types/vscode-webview": "^1.57.1",
        "@vscode/webview-ui-toolkit": "^1.2.2",
        "esbuild": "^0.18.10",
        "lodash": "^4.17.21",
        "moment": "^2.29.4",
        "preact": "^10.15.1",
        "typescript": "^5.1.3",
        "uuid": "^9.0.0"
      }
    },
    "node_modules/@esbuild/android-arm": {
      "version": "0.18.10",
      "resolved": "https://registry.npmjs.org/@esbuild/android-arm/-/android-arm-0.18.10.tgz",
      "integrity": "sha512-3KClmVNd+Fku82uZJz5C4Rx8m1PPmWUFz5Zkw8jkpZPOmsq+EG1TTOtw1OXkHuX3WczOFQigrtf60B1ijKwNsg==",
      "cpu": [
        "arm"
      ],
      "optional": true,
      "os": [
        "android"
      ],
      "engines": {
        "node": ">=12"
      }
    },
    "node_modules/@esbuild/android-arm64": {
      "version": "0.18.10",
      "resolved": "https://registry.npmjs.org/@esbuild/android-arm64/-/android-arm64-0.18.10.tgz",
      "integrity": "sha512-ynm4naLbNbK0ajf9LUWtQB+6Vfg1Z/AplArqr4tGebC00Z6m9Y91OVIcjDa461wGcZwcaHYaZAab4yJxfhisTQ==",
      "cpu": [
        "arm64"
      ],
      "optional": true,
      "os": [
        "android"
      ],
      "engines": {
        "node": ">=12"
      }
    },
    "node_modules/@esbuild/android-x64": {
      "version": "0.18.10",
      "resolved": "https://registry.npmjs.org/@esbuild/android-x64/-/android-x64-0.18.10.tgz",
      "integrity": "sha512-vFfXj8P9Yfjh54yqUDEHKzqzYuEfPyAOl3z7R9hjkwt+NCvbn9VMxX+IILnAfdImRBfYVItgSUsqGKhJFnBwZw==",
      "cpu": [
        "x64"
      ],
      "optional": true,
      "os": [
        "android"
      ],
      "engines": {
        "node": ">=12"
      }
    },
    "node_modules/@esbuild/darwin-arm64": {
      "version": "0.18.10",
      "resolved": "https://registry.npmjs.org/@esbuild/darwin-arm64/-/darwin-arm64-0.18.10.tgz",
      "integrity": "sha512-k2OJQ7ZxE6sVc91+MQeZH9gFeDAH2uIYALPAwTjTCvcPy9Dzrf7V7gFUQPYkn09zloWhQ+nvxWHia2x2ZLR0sQ==",
      "cpu": [
        "arm64"
      ],
      "optional": true,
      "os": [
        "darwin"
      ],
      "engines": {
        "node": ">=12"
      }
    },
    "node_modules/@esbuild/darwin-x64": {
      "version": "0.18.10",
      "resolved": "https://registry.npmjs.org/@esbuild/darwin-x64/-/darwin-x64-0.18.10.tgz",
      "integrity": "sha512-tnz/mdZk1L1Z3WpGjin/L2bKTe8/AKZpI8fcCLtH+gq8WXWsCNJSxlesAObV4qbtTl6pG5vmqFXfWUQ5hV8PAQ==",
      "cpu": [
        "x64"
      ],
      "optional": true,
      "os": [
        "darwin"
      ],
      "engines": {
        "node": ">=12"
      }
    },
    "node_modules/@esbuild/freebsd-arm64": {
      "version": "0.18.10",
      "resolved": "https://registry.npmjs.org/@esbuild/freebsd-arm64/-/freebsd-arm64-0.18.10.tgz",
      "integrity": "sha512-QJluV0LwBrbHnYYwSKC+K8RGz0g/EyhpQH1IxdoFT0nM7PfgjE+aS8wxq/KFEsU0JkL7U/EEKd3O8xVBxXb2aA==",
      "cpu": [
        "arm64"
      ],
      "optional": true,
      "os": [
        "freebsd"
      ],
      "engines": {
        "node": ">=12"
      }
    },
    "node_modules/@esbuild/freebsd-x64": {
      "version": "0.18.10",
      "resolved": "https://registry.npmjs.org/@esbuild/freebsd-x64/-/freebsd-x64-0.18.10.tgz",
      "integrity": "sha512-Hi/ycUkS6KTw+U9G5PK5NoK7CZboicaKUSVs0FSiPNtuCTzK6HNM4DIgniH7hFaeuszDS9T4dhAHWiLSt/Y5Ng==",
      "cpu": [
        "x64"
      ],
      "optional": true,
      "os": [
        "freebsd"
      ],
      "engines": {
        "node": ">=12"
      }
    },
    "node_modules/@esbuild/linux-arm": {
      "version": "0.18.10",
      "resolved": "https://registry.npmjs.org/@esbuild/linux-arm/-/linux-arm-0.18.10.tgz",
      "integrity": "sha512-HfFoxY172tVHPIvJy+FHxzB4l8xU7e5cxmNS11cQ2jt4JWAukn/7LXaPdZid41UyTweqa4P/1zs201gRGCTwHw==",
      "cpu": [
        "arm"
      ],
      "optional": true,
      "os": [
        "linux"
      ],
      "engines": {
        "node": ">=12"
      }
    },
    "node_modules/@esbuild/linux-arm64": {
      "version": "0.18.10",
      "resolved": "https://registry.npmjs.org/@esbuild/linux-arm64/-/linux-arm64-0.18.10.tgz",
      "integrity": "sha512-Nz6XcfRBOO7jSrVpKAyEyFOPGhySPNlgumSDhWAspdQQ11ub/7/NZDMhWDFReE9QH/SsCOCLQbdj0atAk/HMOQ==",
      "cpu": [
        "arm64"
      ],
      "optional": true,
      "os": [
        "linux"
      ],
      "engines": {
        "node": ">=12"
      }
    },
    "node_modules/@esbuild/linux-ia32": {
      "version": "0.18.10",
      "resolved": "https://registry.npmjs.org/@esbuild/linux-ia32/-/linux-ia32-0.18.10.tgz",
      "integrity": "sha512-otMdmSmkMe+pmiP/bZBjfphyAsTsngyT9RCYwoFzqrveAbux9nYitDTpdgToG0Z0U55+PnH654gCH2GQ1aB6Yw==",
      "cpu": [
        "ia32"
      ],
      "optional": true,
      "os": [
        "linux"
      ],
      "engines": {
        "node": ">=12"
      }
    },
    "node_modules/@esbuild/linux-loong64": {
      "version": "0.18.10",
      "resolved": "https://registry.npmjs.org/@esbuild/linux-loong64/-/linux-loong64-0.18.10.tgz",
      "integrity": "sha512-t8tjFuON1koxskzQ4VFoh0T5UDUMiLYjwf9Wktd0tx8AoK6xgU+5ubKOpWpcnhEQ2tESS5u0v6QuN8PX/ftwcQ==",
      "cpu": [
        "loong64"
      ],
      "optional": true,
      "os": [
        "linux"
      ],
      "engines": {
        "node": ">=12"
      }
    },
    "node_modules/@esbuild/linux-mips64el": {
      "version": "0.18.10",
      "resolved": "https://registry.npmjs.org/@esbuild/linux-mips64el/-/linux-mips64el-0.18.10.tgz",
      "integrity": "sha512-+dUkcVzcfEJHz3HEnVpIJu8z8Wdn2n/nWMWdl6FVPFGJAVySO4g3+XPzNKFytVFwf8hPVDwYXzVcu8GMFqsqZw==",
      "cpu": [
        "mips64el"
      ],
      "optional": true,
      "os": [
        "linux"
      ],
      "engines": {
        "node": ">=12"
      }
    },
    "node_modules/@esbuild/linux-ppc64": {
      "version": "0.18.10",
      "resolved": "https://registry.npmjs.org/@esbuild/linux-ppc64/-/linux-ppc64-0.18.10.tgz",
      "integrity": "sha512-sO3PjjxEGy+PY2qkGe2gwJbXdZN9wAYpVBZWFD0AwAoKuXRkWK0/zaMQ5ekUFJDRDCRm8x5U0Axaub7ynH/wVg==",
      "cpu": [
        "ppc64"
      ],
      "optional": true,
      "os": [
        "linux"
      ],
      "engines": {
        "node": ">=12"
      }
    },
    "node_modules/@esbuild/linux-riscv64": {
      "version": "0.18.10",
      "resolved": "https://registry.npmjs.org/@esbuild/linux-riscv64/-/linux-riscv64-0.18.10.tgz",
      "integrity": "sha512-JDtdbJg3yjDeXLv4lZYE1kiTnxv73/8cbPHY9T/dUKi8rYOM/k5b3W4UJLMUksuQ6nTm5c89W1nADsql6FW75A==",
      "cpu": [
        "riscv64"
      ],
      "optional": true,
      "os": [
        "linux"
      ],
      "engines": {
        "node": ">=12"
      }
    },
    "node_modules/@esbuild/linux-s390x": {
      "version": "0.18.10",
      "resolved": "https://registry.npmjs.org/@esbuild/linux-s390x/-/linux-s390x-0.18.10.tgz",
      "integrity": "sha512-NLuSKcp8WckjD2a7z5kzLiCywFwBTMlIxDNuud1AUGVuwBBJSkuubp6cNjJ0p5c6CZaA3QqUGwjHJBiG1SoOFw==",
      "cpu": [
        "s390x"
      ],
      "optional": true,
      "os": [
        "linux"
      ],
      "engines": {
        "node": ">=12"
      }
    },
    "node_modules/@esbuild/linux-x64": {
      "version": "0.18.10",
      "resolved": "https://registry.npmjs.org/@esbuild/linux-x64/-/linux-x64-0.18.10.tgz",
      "integrity": "sha512-wj2KRsCsFusli+6yFgNO/zmmLslislAWryJnodteRmGej7ZzinIbMdsyp13rVGde88zxJd5vercNYK9kuvlZaQ==",
      "cpu": [
        "x64"
      ],
      "optional": true,
      "os": [
        "linux"
      ],
      "engines": {
        "node": ">=12"
      }
    },
    "node_modules/@esbuild/netbsd-x64": {
      "version": "0.18.10",
      "resolved": "https://registry.npmjs.org/@esbuild/netbsd-x64/-/netbsd-x64-0.18.10.tgz",
      "integrity": "sha512-pQ9QqxEPI3cVRZyUtCoZxhZK3If+7RzR8L2yz2+TDzdygofIPOJFaAPkEJ5rYIbUO101RaiYxfdOBahYexLk5A==",
      "cpu": [
        "x64"
      ],
      "optional": true,
      "os": [
        "netbsd"
      ],
      "engines": {
        "node": ">=12"
      }
    },
    "node_modules/@esbuild/openbsd-x64": {
      "version": "0.18.10",
      "resolved": "https://registry.npmjs.org/@esbuild/openbsd-x64/-/openbsd-x64-0.18.10.tgz",
      "integrity": "sha512-k8GTIIW9I8pEEfoOUm32TpPMgSg06JhL5DO+ql66aLTkOQUs0TxCA67Wi7pv6z8iF8STCGcNbm3UWFHLuci+ag==",
      "cpu": [
        "x64"
      ],
      "optional": true,
      "os": [
        "openbsd"
      ],
      "engines": {
        "node": ">=12"
      }
    },
    "node_modules/@esbuild/sunos-x64": {
      "version": "0.18.10",
      "resolved": "https://registry.npmjs.org/@esbuild/sunos-x64/-/sunos-x64-0.18.10.tgz",
      "integrity": "sha512-vIGYJIdEI6d4JBucAx8py792G8J0GP40qSH+EvSt80A4zvGd6jph+5t1g+eEXcS2aRpgZw6CrssNCFZxTdEsxw==",
      "cpu": [
        "x64"
      ],
      "optional": true,
      "os": [
        "sunos"
      ],
      "engines": {
        "node": ">=12"
      }
    },
    "node_modules/@esbuild/win32-arm64": {
      "version": "0.18.10",
      "resolved": "https://registry.npmjs.org/@esbuild/win32-arm64/-/win32-arm64-0.18.10.tgz",
      "integrity": "sha512-kRhNcMZFGMW+ZHCarAM1ypr8OZs0k688ViUCetVCef9p3enFxzWeBg9h/575Y0nsFu0ZItluCVF5gMR2pwOEpA==",
      "cpu": [
        "arm64"
      ],
      "optional": true,
      "os": [
        "win32"
      ],
      "engines": {
        "node": ">=12"
      }
    },
    "node_modules/@esbuild/win32-ia32": {
      "version": "0.18.10",
      "resolved": "https://registry.npmjs.org/@esbuild/win32-ia32/-/win32-ia32-0.18.10.tgz",
      "integrity": "sha512-AR9PX1whYaYh9p0EOaKna0h48F/A101Mt/ag72+kMkkBZXPQ7cjbz2syXI/HI3OlBdUytSdHneljfjvUoqwqiQ==",
      "cpu": [
        "ia32"
      ],
      "optional": true,
      "os": [
        "win32"
      ],
      "engines": {
        "node": ">=12"
      }
    },
    "node_modules/@esbuild/win32-x64": {
      "version": "0.18.10",
      "resolved": "https://registry.npmjs.org/@esbuild/win32-x64/-/win32-x64-0.18.10.tgz",
      "integrity": "sha512-5sTkYhAGHNRr6bVf4RM0PsscqVr6/DBYdrlMh168oph3usid3lKHcHEEHmr34iZ9GHeeg2juFOxtpl6XyC3tpw==",
      "cpu": [
        "x64"
      ],
      "optional": true,
      "os": [
        "win32"
      ],
      "engines": {
        "node": ">=12"
      }
    },
    "node_modules/@microsoft/fast-element": {
      "version": "1.12.0",
      "resolved": "https://registry.npmjs.org/@microsoft/fast-element/-/fast-element-1.12.0.tgz",
      "integrity": "sha512-gQutuDHPKNxUEcQ4pypZT4Wmrbapus+P9s3bR/SEOLsMbNqNoXigGImITygI5zhb+aA5rzflM6O8YWkmRbGkPA=="
    },
    "node_modules/@microsoft/fast-foundation": {
      "version": "2.49.0",
      "resolved": "https://registry.npmjs.org/@microsoft/fast-foundation/-/fast-foundation-2.49.0.tgz",
      "integrity": "sha512-Wk4e4QXFVtT5hPwhMfHyGY30kixM0td8aDs7bAD6NM2z2SCBNvpTTWp+FCjx0I0lpUMlMenb6wsw7pMWQreRkQ==",
      "dependencies": {
        "@microsoft/fast-element": "^1.12.0",
        "@microsoft/fast-web-utilities": "^5.4.1",
        "tabbable": "^5.2.0",
        "tslib": "^1.13.0"
      }
    },
    "node_modules/@microsoft/fast-react-wrapper": {
      "version": "0.1.48",
      "resolved": "https://registry.npmjs.org/@microsoft/fast-react-wrapper/-/fast-react-wrapper-0.1.48.tgz",
      "integrity": "sha512-9NvEjru9Kn5ZKjomAMX6v+eF0DR+eDkxKDwDfi+Wb73kTbrNzcnmlwd4diN15ygH97kldgj2+lpvI4CKLQQWLg==",
      "dependencies": {
        "@microsoft/fast-element": "^1.9.0",
        "@microsoft/fast-foundation": "^2.41.1"
      },
      "peerDependencies": {
        "react": ">=16.9.0"
      }
    },
    "node_modules/@microsoft/fast-web-utilities": {
      "version": "5.4.1",
      "resolved": "https://registry.npmjs.org/@microsoft/fast-web-utilities/-/fast-web-utilities-5.4.1.tgz",
      "integrity": "sha512-ReWYncndjV3c8D8iq9tp7NcFNc1vbVHvcBFPME2nNFKNbS1XCesYZGlIlf3ot5EmuOXPlrzUHOWzQ2vFpIkqDg==",
      "dependencies": {
        "exenv-es6": "^1.1.1"
      }
    },
    "node_modules/@types/lodash": {
      "version": "4.14.195",
      "resolved": "https://registry.npmjs.org/@types/lodash/-/lodash-4.14.195.tgz",
      "integrity": "sha512-Hwx9EUgdwf2GLarOjQp5ZH8ZmblzcbTBC2wtQWNKARBSxM9ezRIAUpeDTgoQRAFB0+8CNWXVA9+MaSOzOF3nPg=="
    },
    "node_modules/@types/uuid": {
      "version": "9.0.2",
      "resolved": "https://registry.npmjs.org/@types/uuid/-/uuid-9.0.2.tgz",
      "integrity": "sha512-kNnC1GFBLuhImSnV7w4njQkUiJi0ZXUycu1rUaouPqiKlXkh77JKgdRnTAp1x5eBwcIwbtI+3otwzuIDEuDoxQ=="
    },
    "node_modules/@types/vscode": {
      "version": "1.79.1",
      "resolved": "https://registry.npmjs.org/@types/vscode/-/vscode-1.79.1.tgz",
      "integrity": "sha512-Ikwc4YbHABzqthrWfeAvItaAIfX9mdjMWxqNgTpGjhgOu0TMRq9LzyZ2yBK0JhYqoSjEubEPawf6zJgnl6Egtw=="
    },
    "node_modules/@types/vscode-webview": {
      "version": "1.57.1",
      "resolved": "https://registry.npmjs.org/@types/vscode-webview/-/vscode-webview-1.57.1.tgz",
      "integrity": "sha512-ghW5SfuDmsGDS2A4xkvGsLwDRNc3Vj5rS6rPOyPm/IryZuf3wceZKxgYaUoW+k9f0f/CB7y2c1rRsdOWZWn0PQ=="
    },
    "node_modules/@vscode/webview-ui-toolkit": {
      "version": "1.2.2",
      "resolved": "https://registry.npmjs.org/@vscode/webview-ui-toolkit/-/webview-ui-toolkit-1.2.2.tgz",
      "integrity": "sha512-xIQoF4FC3Xh6d7KNKIoIezSiFWYFuf6gQMdDyKueKBFGeKwaHWEn+dY2g3makvvEsNMEDji/woEwvg9QSbuUsw==",
      "dependencies": {
        "@microsoft/fast-element": "^1.6.2",
        "@microsoft/fast-foundation": "^2.38.0",
        "@microsoft/fast-react-wrapper": "^0.1.18"
      },
      "peerDependencies": {
        "react": ">=16.9.0"
      }
    },
    "node_modules/esbuild": {
      "version": "0.18.10",
      "resolved": "https://registry.npmjs.org/esbuild/-/esbuild-0.18.10.tgz",
      "integrity": "sha512-33WKo67auOXzZHBY/9DTJRo7kIvfU12S+D4sp2wIz39N88MDIaCGyCwbW01RR70pK6Iya0I74lHEpyLfFqOHPA==",
      "hasInstallScript": true,
      "bin": {
        "esbuild": "bin/esbuild"
      },
      "engines": {
        "node": ">=12"
      },
      "optionalDependencies": {
        "@esbuild/android-arm": "0.18.10",
        "@esbuild/android-arm64": "0.18.10",
        "@esbuild/android-x64": "0.18.10",
        "@esbuild/darwin-arm64": "0.18.10",
        "@esbuild/darwin-x64": "0.18.10",
        "@esbuild/freebsd-arm64": "0.18.10",
        "@esbuild/freebsd-x64": "0.18.10",
        "@esbuild/linux-arm": "0.18.10",
        "@esbuild/linux-arm64": "0.18.10",
        "@esbuild/linux-ia32": "0.18.10",
        "@esbuild/linux-loong64": "0.18.10",
        "@esbuild/linux-mips64el": "0.18.10",
        "@esbuild/linux-ppc64": "0.18.10",
        "@esbuild/linux-riscv64": "0.18.10",
        "@esbuild/linux-s390x": "0.18.10",
        "@esbuild/linux-x64": "0.18.10",
        "@esbuild/netbsd-x64": "0.18.10",
        "@esbuild/openbsd-x64": "0.18.10",
        "@esbuild/sunos-x64": "0.18.10",
        "@esbuild/win32-arm64": "0.18.10",
        "@esbuild/win32-ia32": "0.18.10",
        "@esbuild/win32-x64": "0.18.10"
      }
    },
    "node_modules/exenv-es6": {
      "version": "1.1.1",
      "resolved": "https://registry.npmjs.org/exenv-es6/-/exenv-es6-1.1.1.tgz",
      "integrity": "sha512-vlVu3N8d6yEMpMsEm+7sUBAI81aqYYuEvfK0jNqmdb/OPXzzH7QWDDnVjMvDSY47JdHEqx/dfC/q8WkfoTmpGQ=="
    },
    "node_modules/js-tokens": {
      "version": "4.0.0",
      "resolved": "https://registry.npmjs.org/js-tokens/-/js-tokens-4.0.0.tgz",
      "integrity": "sha512-RdJUflcE3cUzKiMqQgsCu06FPu9UdIJO0beYbPhHN4k6apgJtifcoCtT9bcxOpYBtpD2kCM6Sbzg4CausW/PKQ==",
      "peer": true
    },
    "node_modules/lodash": {
      "version": "4.17.21",
      "resolved": "https://registry.npmjs.org/lodash/-/lodash-4.17.21.tgz",
      "integrity": "sha512-v2kDEe57lecTulaDIuNTPy3Ry4gLGJ6Z1O3vE1krgXZNrsQ+LFTGHVxVjcXPs17LhbZVGedAJv8XZ1tvj5FvSg=="
    },
    "node_modules/loose-envify": {
      "version": "1.4.0",
      "resolved": "https://registry.npmjs.org/loose-envify/-/loose-envify-1.4.0.tgz",
      "integrity": "sha512-lyuxPGr/Wfhrlem2CL/UcnUc1zcqKAImBDzukY7Y5F/yQiNdko6+fRLevlw1HgMySw7f611UIY408EtxRSoK3Q==",
      "peer": true,
      "dependencies": {
        "js-tokens": "^3.0.0 || ^4.0.0"
      },
      "bin": {
        "loose-envify": "cli.js"
      }
    },
    "node_modules/moment": {
      "version": "2.29.4",
      "resolved": "https://registry.npmjs.org/moment/-/moment-2.29.4.tgz",
      "integrity": "sha512-5LC9SOxjSc2HF6vO2CyuTDNivEdoz2IvyJJGj6X8DJ0eFyfszE0QiEd+iXmBvUP3WHxSjFH/vIsA0EN00cgr8w==",
      "engines": {
        "node": "*"
      }
    },
    "node_modules/preact": {
      "version": "10.15.1",
      "resolved": "https://registry.npmjs.org/preact/-/preact-10.15.1.tgz",
      "integrity": "sha512-qs2ansoQEwzNiV5eAcRT1p1EC/dmEzaATVDJNiB3g2sRDWdA7b7MurXdJjB2+/WQktGWZwxvDrnuRFbWuIr64g==",
      "funding": {
        "type": "opencollective",
        "url": "https://opencollective.com/preact"
      }
    },
    "node_modules/react": {
      "version": "18.2.0",
      "resolved": "https://registry.npmjs.org/react/-/react-18.2.0.tgz",
      "integrity": "sha512-/3IjMdb2L9QbBdWiW5e3P2/npwMBaU9mHCSCUzNln0ZCYbcfTsGbTJrU/kGemdH2IWmB2ioZ+zkxtmq6g09fGQ==",
      "peer": true,
      "dependencies": {
        "loose-envify": "^1.1.0"
      },
      "engines": {
        "node": ">=0.10.0"
      }
    },
    "node_modules/tabbable": {
      "version": "5.3.3",
      "resolved": "https://registry.npmjs.org/tabbable/-/tabbable-5.3.3.tgz",
      "integrity": "sha512-QD9qKY3StfbZqWOPLp0++pOrAVb/HbUi5xCc8cUo4XjP19808oaMiDzn0leBY5mCespIBM0CIZePzZjgzR83kA=="
    },
    "node_modules/tslib": {
      "version": "1.14.1",
      "resolved": "https://registry.npmjs.org/tslib/-/tslib-1.14.1.tgz",
      "integrity": "sha512-Xni35NKzjgMrwevysHTCArtLDpPvye8zV/0E4EyYn43P7/7qvQwPh9BGkHewbMulVntbigmcT7rdX3BNo9wRJg=="
    },
    "node_modules/typescript": {
      "version": "5.1.3",
      "resolved": "https://registry.npmjs.org/typescript/-/typescript-5.1.3.tgz",
      "integrity": "sha512-XH627E9vkeqhlZFQuL+UsyAXEnibT0kWR2FWONlr4sTjvxyJYnyefgrkyECLzM5NenmKzRAy2rR/OlYLA1HkZw==",
      "bin": {
        "tsc": "bin/tsc",
        "tsserver": "bin/tsserver"
      },
      "engines": {
        "node": ">=14.17"
      }
    },
    "node_modules/uuid": {
      "version": "9.0.0",
      "resolved": "https://registry.npmjs.org/uuid/-/uuid-9.0.0.tgz",
      "integrity": "sha512-MXcSTerfPa4uqyzStbRoTgt5XIe3x5+42+q1sDuy3R5MDk66URdLMOZe5aPX/SQd+kuYAh0FdP/pO28IkQyTeg==",
      "bin": {
        "uuid": "dist/bin/uuid"
      }
    }
  }
}
